PODS:
  - Alamofire (4.9.0)
  - Nuke (9.1.1)

DEPENDENCIES:
  - Alamofire (= 4.9.0)
  - Nuke

SPEC REPOS:
  trunk:
    - Alamofire
    - Nuke

SPEC CHECKSUMS:
  Alamofire: afc3e7c6db61476cb45cdd23fed06bad03bbc321
  Nuke: af4301b154d3afd8a3b045a5194a9a773a00b7a8

PODFILE CHECKSUM: fe4677dd8136ef584fc7e5a328aff1e5487a22c4

COCOAPODS: 1.8.3
